
Microsoft Visual Studio Solution File, Format Version 12.00
# Visual Studio Version 17
VisualStudioVersion = 17.5.33530.505
MinimumVisualStudioVersion = 10.0.40219.1
Project("{FAE04EC0-301F-11D3-BF4B-00C04F79EFBC}") = "LabDarbas3_19", "LabDarbas3_19\LabDarbas3_19.csproj", "{868ED7A6-789D-4851-B467-B8052730E3A6}"
EndProject
Project("{FAE04EC0-301F-11D3-BF4B-00C04F79EFBC}") = "LabDarbas3_19.Tests", "LabDarbas3_19.Tests\LabDarbas3_19.Tests.csproj", "{62582E10-FDE2-477F-94F2-BC64DDFBBDB4}"
EndProject
Global
	GlobalSection(SolutionConfigurationPlatforms) = preSolution
		Debug|Any CPU = Debug|Any CPU
		Release|Any CPU = Release|Any CPU
	EndGlobalSection
	GlobalSection(ProjectConfigurationPlatforms) = postSolution
		{868ED7A6-789D-4851-B467-B8052730E3A6}.Debug|Any CPU.ActiveCfg = Debug|Any CPU
		{868ED7A6-789D-4851-B467-B8052730E3A6}.Debug|Any CPU.Build.0 = Debug|Any CPU
		{868ED7A6-789D-4851-B467-B8052730E3A6}.Release|Any CPU.ActiveCfg = Release|Any CPU
		{868ED7A6-789D-4851-B467-B8052730E3A6}.Release|Any CPU.Build.0 = Release|Any CPU
		{62582E10-FDE2-477F-94F2-BC64DDFBBDB4}.Debug|Any CPU.ActiveCfg = Debug|Any CPU
		{62582E10-FDE2-477F-94F2-BC64DDFBBDB4}.Debug|Any CPU.Build.0 = Debug|Any CPU
		{62582E10-FDE2-477F-94F2-BC64DDFBBDB4}.Release|Any CPU.ActiveCfg = Release|Any CPU
		{62582E10-FDE2-477F-94F2-BC64DDFBBDB4}.Release|Any CPU.Build.0 = Release|Any CPU
	EndGlobalSection
	GlobalSection(SolutionProperties) = preSolution
		HideSolutionNode = FALSE
	EndGlobalSection
	GlobalSection(ExtensibilityGlobals) = postSolution
		SolutionGuid = {99E1B6EC-0657-42CD-85A5-67F8DBF32E11}
	EndGlobalSection
EndGlobal
